
Microsoft Visual Studio Solution File, Format Version 12.00
# Visual Studio Version 17
VisualStudioVersion = 17.13.35825.156 d17.13
MinimumVisualStudioVersion = 10.0.40219.1
Project("{FAE04EC0-301F-11D3-BF4B-00C04F79EFBC}") = "CrazyBurguer.Android", "CrazyBurguer.Android\CrazyBurguer.Android.csproj", "{CC015A6A-F3C6-4E6D-B509-B9F7721711DB}"
EndProject
Project("{FAE04EC0-301F-11D3-BF4B-00C04F79EFBC}") = "CrazyBurguer", "CrazyBurguer\CrazyBurguer.csproj", "{7CAB760B-207D-43E5-9CBF-318E9F002386}"
EndProject
Global
	GlobalSection(SolutionConfigurationPlatforms) = preSolution
		Debug|Any CPU = Debug|Any CPU
		Release|Any CPU = Release|Any CPU
	EndGlobalSection
	GlobalSection(ProjectConfigurationPlatforms) = postSolution
		{CC015A6A-F3C6-4E6D-B509-B9F7721711DB}.Debug|Any CPU.ActiveCfg = Debug|Any CPU
		{CC015A6A-F3C6-4E6D-B509-B9F7721711DB}.Debug|Any CPU.Build.0 = Debug|Any CPU
		{CC015A6A-F3C6-4E6D-B509-B9F7721711DB}.Debug|Any CPU.Deploy.0 = Debug|Any CPU
		{CC015A6A-F3C6-4E6D-B509-B9F7721711DB}.Release|Any CPU.ActiveCfg = Release|Any CPU
		{CC015A6A-F3C6-4E6D-B509-B9F7721711DB}.Release|Any CPU.Build.0 = Release|Any CPU
		{CC015A6A-F3C6-4E6D-B509-B9F7721711DB}.Release|Any CPU.Deploy.0 = Release|Any CPU
		{7CAB760B-207D-43E5-9CBF-318E9F002386}.Debug|Any CPU.ActiveCfg = Debug|Any CPU
		{7CAB760B-207D-43E5-9CBF-318E9F002386}.Debug|Any CPU.Build.0 = Debug|Any CPU
		{7CAB760B-207D-43E5-9CBF-318E9F002386}.Debug|Any CPU.Deploy.0 = Debug|Any CPU
		{7CAB760B-207D-43E5-9CBF-318E9F002386}.Release|Any CPU.ActiveCfg = Release|Any CPU
		{7CAB760B-207D-43E5-9CBF-318E9F002386}.Release|Any CPU.Build.0 = Release|Any CPU
		{7CAB760B-207D-43E5-9CBF-318E9F002386}.Release|Any CPU.Deploy.0 = Release|Any CPU
	EndGlobalSection
	GlobalSection(SolutionProperties) = preSolution
		HideSolutionNode = FALSE
	EndGlobalSection
	GlobalSection(ExtensibilityGlobals) = postSolution
		SolutionGuid = {A6FED9F9-2FE9-48E4-ADA5-A5F1C9BC9E53}
	EndGlobalSection
EndGlobal
